
Microsoft Visual Studio Solution File, Format Version 12.00
# Visual Studio Version 17
VisualStudioVersion = 17.0.31903.59
MinimumVisualStudioVersion = 10.0.40219.1
Project("{2150E333-8FDC-42A3-9474-1A3956D46DE8}") = "api-gateway", "api-gateway", "{D5740E39-79EC-8D71-EBC3-DD458F48E25C}"
EndProject
Project("{FAE04EC0-301F-11D3-BF4B-00C04F79EFBC}") = "ApiGateway", "api-gateway\ApiGateway.csproj", "{20442C57-9008-43DF-B541-F6A2DD7D2B06}"
EndProject
Project("{2150E333-8FDC-42A3-9474-1A3956D46DE8}") = "services", "services", "{5854FF58-B8C5-05C6-5BF2-ACE42193F22B}"
EndProject
Project("{2150E333-8FDC-42A3-9474-1A3956D46DE8}") = "order-service", "order-service", "{6BA2C5F8-8CDC-9D22-C063-7A94EB5993AF}"
EndProject
Project("{FAE04EC0-301F-11D3-BF4B-00C04F79EFBC}") = "OrderService", "services\order-service\OrderService.csproj", "{01993E14-48CA-487D-9B07-633C16756BDA}"
EndProject
Project("{2150E333-8FDC-42A3-9474-1A3956D46DE8}") = "customer-service", "customer-service", "{D6375349-3C13-6A29-5D9E-32F9DF12829E}"
EndProject
Project("{FAE04EC0-301F-11D3-BF4B-00C04F79EFBC}") = "CustomerService", "services\customer-service\CustomerService.csproj", "{578E41E0-79BF-4B3C-B7D4-0B123F9F845F}"
EndProject
Project("{2150E333-8FDC-42A3-9474-1A3956D46DE8}") = "ticket-service", "ticket-service", "{4BF11F32-32AC-0C5B-64D0-D1BB48FA9B1F}"
EndProject
Project("{FAE04EC0-301F-11D3-BF4B-00C04F79EFBC}") = "TicketService", "services\ticket-service\TicketService.csproj", "{61639F40-099B-4953-93EA-D70C6DFD418E}"
EndProject
Project("{2150E333-8FDC-42A3-9474-1A3956D46DE8}") = "shared", "shared", "{4F52FD11-658E-A102-6CD3-7D7C16FFA15B}"
EndProject
Project("{2150E333-8FDC-42A3-9474-1A3956D46DE8}") = "domain", "domain", "{B78A39BB-EFA7-05CB-3820-193A492A810C}"
EndProject
Project("{FAE04EC0-301F-11D3-BF4B-00C04F79EFBC}") = "CustomerSupportPlatform.Domain", "shared\domain\CustomerSupportPlatform.Domain.csproj", "{1DE7CC23-5570-4806-823D-C41F07775AA6}"
EndProject
Project("{2150E333-8FDC-42A3-9474-1A3956D46DE8}") = "application", "application", "{2D035A4D-AF61-D649-F5F7-A54561A3CFF4}"
EndProject
Project("{FAE04EC0-301F-11D3-BF4B-00C04F79EFBC}") = "CustomerSupportPlatform.Application", "shared\application\CustomerSupportPlatform.Application.csproj", "{5423FB1D-A560-4B6F-BD8A-C5535818F343}"
EndProject
Project("{2150E333-8FDC-42A3-9474-1A3956D46DE8}") = "infrastructure", "infrastructure", "{80116189-D5F9-D6EC-C98D-5F7DB2F1B3A1}"
EndProject
Project("{FAE04EC0-301F-11D3-BF4B-00C04F79EFBC}") = "CustomerSupportPlatform.Infrastructure", "shared\infrastructure\CustomerSupportPlatform.Infrastructure.csproj", "{FF427EFB-0162-482F-8349-B68BEADD5850}"
EndProject
Project("{2150E333-8FDC-42A3-9474-1A3956D46DE8}") = "chatbot-integration", "chatbot-integration", "{AC64333F-0D0C-A3D1-02FB-FBA2281C07D3}"
EndProject
Project("{FAE04EC0-301F-11D3-BF4B-00C04F79EFBC}") = "ChatbotIntegration", "chatbot-integration\ChatbotIntegration.csproj", "{5432F6ED-34DD-47A7-851E-44095614BCAB}"
EndProject
Project("{2150E333-8FDC-42A3-9474-1A3956D46DE8}") = "database", "database", "{E0096E63-5207-411F-2649-837654E3C58A}"
EndProject
Project("{FAE04EC0-301F-11D3-BF4B-00C04F79EFBC}") = "Database", "database\Database.csproj", "{12AC99A7-6953-476A-998B-3FBF1B841F07}"
EndProject
Project("{2150E333-8FDC-42A3-9474-1A3956D46DE8}") = "tests", "tests", "{0AB3BF05-4346-4AA6-1389-037BE0695223}"
EndProject
Project("{2150E333-8FDC-42A3-9474-1A3956D46DE8}") = "order-service-tests", "order-service-tests", "{02B28A62-DF24-045C-33A0-E46FD51CFCFC}"
EndProject
Project("{FAE04EC0-301F-11D3-BF4B-00C04F79EFBC}") = "OrderService.Tests", "tests\order-service-tests\OrderService.Tests.csproj", "{DBD71441-D703-444C-89C8-EFFA6B777DF4}"
EndProject
Project("{2150E333-8FDC-42A3-9474-1A3956D46DE8}") = "customer-service-tests", "customer-service-tests", "{9991FD70-2205-ED06-13BB-F5C9DFBEB1B5}"
EndProject
Project("{FAE04EC0-301F-11D3-BF4B-00C04F79EFBC}") = "CustomerService.Tests", "tests\customer-service-tests\CustomerService.Tests.csproj", "{8B4203A3-44BE-4CED-B2A8-5D28EF866DCE}"
EndProject
Project("{2150E333-8FDC-42A3-9474-1A3956D46DE8}") = "ticket-service-tests", "ticket-service-tests", "{27660C74-9B2F-B9FD-A264-653F45C603ED}"
EndProject
Project("{FAE04EC0-301F-11D3-BF4B-00C04F79EFBC}") = "TicketService.Tests", "tests\ticket-service-tests\TicketService.Tests.csproj", "{D6CB64DD-F662-4A3C-A08C-49EFD7740765}"
EndProject
Project("{2150E333-8FDC-42A3-9474-1A3956D46DE8}") = "hosting", "hosting", "{F0AB5401-4AB4-ABBE-2838-CDAE872F596C}"
EndProject
Project("{FAE04EC0-301F-11D3-BF4B-00C04F79EFBC}") = "CustomerSupportPlatform.Hosting", "shared\hosting\CustomerSupportPlatform.Hosting.csproj", "{0EED724F-87D6-43A0-90DC-BF98D82A36A2}"
EndProject
Global
	GlobalSection(SolutionConfigurationPlatforms) = preSolution
		Debug|Any CPU = Debug|Any CPU
		Debug|x64 = Debug|x64
		Debug|x86 = Debug|x86
		Release|Any CPU = Release|Any CPU
		Release|x64 = Release|x64
		Release|x86 = Release|x86
	EndGlobalSection
	GlobalSection(ProjectConfigurationPlatforms) = postSolution
		{20442C57-9008-43DF-B541-F6A2DD7D2B06}.Debug|Any CPU.ActiveCfg = Debug|Any CPU
		{20442C57-9008-43DF-B541-F6A2DD7D2B06}.Debug|Any CPU.Build.0 = Debug|Any CPU
		{20442C57-9008-43DF-B541-F6A2DD7D2B06}.Debug|x64.ActiveCfg = Debug|Any CPU
		{20442C57-9008-43DF-B541-F6A2DD7D2B06}.Debug|x64.Build.0 = Debug|Any CPU
		{20442C57-9008-43DF-B541-F6A2DD7D2B06}.Debug|x86.ActiveCfg = Debug|Any CPU
		{20442C57-9008-43DF-B541-F6A2DD7D2B06}.Debug|x86.Build.0 = Debug|Any CPU
		{20442C57-9008-43DF-B541-F6A2DD7D2B06}.Release|Any CPU.ActiveCfg = Release|Any CPU
		{20442C57-9008-43DF-B541-F6A2DD7D2B06}.Release|Any CPU.Build.0 = Release|Any CPU
		{20442C57-9008-43DF-B541-F6A2DD7D2B06}.Release|x64.ActiveCfg = Release|Any CPU
		{20442C57-9008-43DF-B541-F6A2DD7D2B06}.Release|x64.Build.0 = Release|Any CPU
		{20442C57-9008-43DF-B541-F6A2DD7D2B06}.Release|x86.ActiveCfg = Release|Any CPU
		{20442C57-9008-43DF-B541-F6A2DD7D2B06}.Release|x86.Build.0 = Release|Any CPU
		{01993E14-48CA-487D-9B07-633C16756BDA}.Debug|Any CPU.ActiveCfg = Debug|Any CPU
		{01993E14-48CA-487D-9B07-633C16756BDA}.Debug|Any CPU.Build.0 = Debug|Any CPU
		{01993E14-48CA-487D-9B07-633C16756BDA}.Debug|x64.ActiveCfg = Debug|Any CPU
		{01993E14-48CA-487D-9B07-633C16756BDA}.Debug|x64.Build.0 = Debug|Any CPU
		{01993E14-48CA-487D-9B07-633C16756BDA}.Debug|x86.ActiveCfg = Debug|Any CPU
		{01993E14-48CA-487D-9B07-633C16756BDA}.Debug|x86.Build.0 = Debug|Any CPU
		{01993E14-48CA-487D-9B07-633C16756BDA}.Release|Any CPU.ActiveCfg = Release|Any CPU
		{01993E14-48CA-487D-9B07-633C16756BDA}.Release|Any CPU.Build.0 = Release|Any CPU
		{01993E14-48CA-487D-9B07-633C16756BDA}.Release|x64.ActiveCfg = Release|Any CPU
		{01993E14-48CA-487D-9B07-633C16756BDA}.Release|x64.Build.0 = Release|Any CPU
		{01993E14-48CA-487D-9B07-633C16756BDA}.Release|x86.ActiveCfg = Release|Any CPU
		{01993E14-48CA-487D-9B07-633C16756BDA}.Release|x86.Build.0 = Release|Any CPU
		{578E41E0-79BF-4B3C-B7D4-0B123F9F845F}.Debug|Any CPU.ActiveCfg = Debug|Any CPU
		{578E41E0-79BF-4B3C-B7D4-0B123F9F845F}.Debug|Any CPU.Build.0 = Debug|Any CPU
		{578E41E0-79BF-4B3C-B7D4-0B123F9F845F}.Debug|x64.ActiveCfg = Debug|Any CPU
		{578E41E0-79BF-4B3C-B7D4-0B123F9F845F}.Debug|x64.Build.0 = Debug|Any CPU
		{578E41E0-79BF-4B3C-B7D4-0B123F9F845F}.Debug|x86.ActiveCfg = Debug|Any CPU
		{578E41E0-79BF-4B3C-B7D4-0B123F9F845F}.Debug|x86.Build.0 = Debug|Any CPU
		{578E41E0-79BF-4B3C-B7D4-0B123F9F845F}.Release|Any CPU.ActiveCfg = Release|Any CPU
		{578E41E0-79BF-4B3C-B7D4-0B123F9F845F}.Release|Any CPU.Build.0 = Release|Any CPU
		{578E41E0-79BF-4B3C-B7D4-0B123F9F845F}.Release|x64.ActiveCfg = Release|Any CPU
		{578E41E0-79BF-4B3C-B7D4-0B123F9F845F}.Release|x64.Build.0 = Release|Any CPU
		{578E41E0-79BF-4B3C-B7D4-0B123F9F845F}.Release|x86.ActiveCfg = Release|Any CPU
		{578E41E0-79BF-4B3C-B7D4-0B123F9F845F}.Release|x86.Build.0 = Release|Any CPU
		{61639F40-099B-4953-93EA-D70C6DFD418E}.Debug|Any CPU.ActiveCfg = Debug|Any CPU
		{61639F40-099B-4953-93EA-D70C6DFD418E}.Debug|Any CPU.Build.0 = Debug|Any CPU
		{61639F40-099B-4953-93EA-D70C6DFD418E}.Debug|x64.ActiveCfg = Debug|Any CPU
		{61639F40-099B-4953-93EA-D70C6DFD418E}.Debug|x64.Build.0 = Debug|Any CPU
		{61639F40-099B-4953-93EA-D70C6DFD418E}.Debug|x86.ActiveCfg = Debug|Any CPU
		{61639F40-099B-4953-93EA-D70C6DFD418E}.Debug|x86.Build.0 = Debug|Any CPU
		{61639F40-099B-4953-93EA-D70C6DFD418E}.Release|Any CPU.ActiveCfg = Release|Any CPU
		{61639F40-099B-4953-93EA-D70C6DFD418E}.Release|Any CPU.Build.0 = Release|Any CPU
		{61639F40-099B-4953-93EA-D70C6DFD418E}.Release|x64.ActiveCfg = Release|Any CPU
		{61639F40-099B-4953-93EA-D70C6DFD418E}.Release|x64.Build.0 = Release|Any CPU
		{61639F40-099B-4953-93EA-D70C6DFD418E}.Release|x86.ActiveCfg = Release|Any CPU
		{61639F40-099B-4953-93EA-D70C6DFD418E}.Release|x86.Build.0 = Release|Any CPU
		{1DE7CC23-5570-4806-823D-C41F07775AA6}.Debug|Any CPU.ActiveCfg = Debug|Any CPU
		{1DE7CC23-5570-4806-823D-C41F07775AA6}.Debug|Any CPU.Build.0 = Debug|Any CPU
		{1DE7CC23-5570-4806-823D-C41F07775AA6}.Debug|x64.ActiveCfg = Debug|Any CPU
		{1DE7CC23-5570-4806-823D-C41F07775AA6}.Debug|x64.Build.0 = Debug|Any CPU
		{1DE7CC23-5570-4806-823D-C41F07775AA6}.Debug|x86.ActiveCfg = Debug|Any CPU
		{1DE7CC23-5570-4806-823D-C41F07775AA6}.Debug|x86.Build.0 = Debug|Any CPU
		{1DE7CC23-5570-4806-823D-C41F07775AA6}.Release|Any CPU.ActiveCfg = Release|Any CPU
		{1DE7CC23-5570-4806-823D-C41F07775AA6}.Release|Any CPU.Build.0 = Release|Any CPU
		{1DE7CC23-5570-4806-823D-C41F07775AA6}.Release|x64.ActiveCfg = Release|Any CPU
		{1DE7CC23-5570-4806-823D-C41F07775AA6}.Release|x64.Build.0 = Release|Any CPU
		{1DE7CC23-5570-4806-823D-C41F07775AA6}.Release|x86.ActiveCfg = Release|Any CPU
		{1DE7CC23-5570-4806-823D-C41F07775AA6}.Release|x86.Build.0 = Release|Any CPU
		{5423FB1D-A560-4B6F-BD8A-C5535818F343}.Debug|Any CPU.ActiveCfg = Debug|Any CPU
		{5423FB1D-A560-4B6F-BD8A-C5535818F343}.Debug|Any CPU.Build.0 = Debug|Any CPU
		{5423FB1D-A560-4B6F-BD8A-C5535818F343}.Debug|x64.ActiveCfg = Debug|Any CPU
		{5423FB1D-A560-4B6F-BD8A-C5535818F343}.Debug|x64.Build.0 = Debug|Any CPU
		{5423FB1D-A560-4B6F-BD8A-C5535818F343}.Debug|x86.ActiveCfg = Debug|Any CPU
		{5423FB1D-A560-4B6F-BD8A-C5535818F343}.Debug|x86.Build.0 = Debug|Any CPU
		{5423FB1D-A560-4B6F-BD8A-C5535818F343}.Release|Any CPU.ActiveCfg = Release|Any CPU
		{5423FB1D-A560-4B6F-BD8A-C5535818F343}.Release|Any CPU.Build.0 = Release|Any CPU
		{5423FB1D-A560-4B6F-BD8A-C5535818F343}.Release|x64.ActiveCfg = Release|Any CPU
		{5423FB1D-A560-4B6F-BD8A-C5535818F343}.Release|x64.Build.0 = Release|Any CPU
		{5423FB1D-A560-4B6F-BD8A-C5535818F343}.Release|x86.ActiveCfg = Release|Any CPU
		{5423FB1D-A560-4B6F-BD8A-C5535818F343}.Release|x86.Build.0 = Release|Any CPU
		{FF427EFB-0162-482F-8349-B68BEADD5850}.Debug|Any CPU.ActiveCfg = Debug|Any CPU
		{FF427EFB-0162-482F-8349-B68BEADD5850}.Debug|Any CPU.Build.0 = Debug|Any CPU
		{FF427EFB-0162-482F-8349-B68BEADD5850}.Debug|x64.ActiveCfg = Debug|Any CPU
		{FF427EFB-0162-482F-8349-B68BEADD5850}.Debug|x64.Build.0 = Debug|Any CPU
		{FF427EFB-0162-482F-8349-B68BEADD5850}.Debug|x86.ActiveCfg = Debug|Any CPU
		{FF427EFB-0162-482F-8349-B68BEADD5850}.Debug|x86.Build.0 = Debug|Any CPU
		{FF427EFB-0162-482F-8349-B68BEADD5850}.Release|Any CPU.ActiveCfg = Release|Any CPU
		{FF427EFB-0162-482F-8349-B68BEADD5850}.Release|Any CPU.Build.0 = Release|Any CPU
		{FF427EFB-0162-482F-8349-B68BEADD5850}.Release|x64.ActiveCfg = Release|Any CPU
		{FF427EFB-0162-482F-8349-B68BEADD5850}.Release|x64.Build.0 = Release|Any CPU
		{FF427EFB-0162-482F-8349-B68BEADD5850}.Release|x86.ActiveCfg = Release|Any CPU
		{FF427EFB-0162-482F-8349-B68BEADD5850}.Release|x86.Build.0 = Release|Any CPU
		{5432F6ED-34DD-47A7-851E-44095614BCAB}.Debug|Any CPU.ActiveCfg = Debug|Any CPU
		{5432F6ED-34DD-47A7-851E-44095614BCAB}.Debug|Any CPU.Build.0 = Debug|Any CPU
		{5432F6ED-34DD-47A7-851E-44095614BCAB}.Debug|x64.ActiveCfg = Debug|Any CPU
		{5432F6ED-34DD-47A7-851E-44095614BCAB}.Debug|x64.Build.0 = Debug|Any CPU
		{5432F6ED-34DD-47A7-851E-44095614BCAB}.Debug|x86.ActiveCfg = Debug|Any CPU
		{5432F6ED-34DD-47A7-851E-44095614BCAB}.Debug|x86.Build.0 = Debug|Any CPU
		{5432F6ED-34DD-47A7-851E-44095614BCAB}.Release|Any CPU.ActiveCfg = Release|Any CPU
		{5432F6ED-34DD-47A7-851E-44095614BCAB}.Release|Any CPU.Build.0 = Release|Any CPU
		{5432F6ED-34DD-47A7-851E-44095614BCAB}.Release|x64.ActiveCfg = Release|Any CPU
		{5432F6ED-34DD-47A7-851E-44095614BCAB}.Release|x64.Build.0 = Release|Any CPU
		{5432F6ED-34DD-47A7-851E-44095614BCAB}.Release|x86.ActiveCfg = Release|Any CPU
		{5432F6ED-34DD-47A7-851E-44095614BCAB}.Release|x86.Build.0 = Release|Any CPU
		{12AC99A7-6953-476A-998B-3FBF1B841F07}.Debug|Any CPU.ActiveCfg = Debug|Any CPU
		{12AC99A7-6953-476A-998B-3FBF1B841F07}.Debug|Any CPU.Build.0 = Debug|Any CPU
		{12AC99A7-6953-476A-998B-3FBF1B841F07}.Debug|x64.ActiveCfg = Debug|Any CPU
		{12AC99A7-6953-476A-998B-3FBF1B841F07}.Debug|x64.Build.0 = Debug|Any CPU
		{12AC99A7-6953-476A-998B-3FBF1B841F07}.Debug|x86.ActiveCfg = Debug|Any CPU
		{12AC99A7-6953-476A-998B-3FBF1B841F07}.Debug|x86.Build.0 = Debug|Any CPU
		{12AC99A7-6953-476A-998B-3FBF1B841F07}.Release|Any CPU.ActiveCfg = Release|Any CPU
		{12AC99A7-6953-476A-998B-3FBF1B841F07}.Release|Any CPU.Build.0 = Release|Any CPU
		{12AC99A7-6953-476A-998B-3FBF1B841F07}.Release|x64.ActiveCfg = Release|Any CPU
		{12AC99A7-6953-476A-998B-3FBF1B841F07}.Release|x64.Build.0 = Release|Any CPU
		{12AC99A7-6953-476A-998B-3FBF1B841F07}.Release|x86.ActiveCfg = Release|Any CPU
		{12AC99A7-6953-476A-998B-3FBF1B841F07}.Release|x86.Build.0 = Release|Any CPU
		{DBD71441-D703-444C-89C8-EFFA6B777DF4}.Debug|Any CPU.ActiveCfg = Debug|Any CPU
		{DBD71441-D703-444C-89C8-EFFA6B777DF4}.Debug|Any CPU.Build.0 = Debug|Any CPU
		{DBD71441-D703-444C-89C8-EFFA6B777DF4}.Debug|x64.ActiveCfg = Debug|Any CPU
		{DBD71441-D703-444C-89C8-EFFA6B777DF4}.Debug|x64.Build.0 = Debug|Any CPU
		{DBD71441-D703-444C-89C8-EFFA6B777DF4}.Debug|x86.ActiveCfg = Debug|Any CPU
		{DBD71441-D703-444C-89C8-EFFA6B777DF4}.Debug|x86.Build.0 = Debug|Any CPU
		{DBD71441-D703-444C-89C8-EFFA6B777DF4}.Release|Any CPU.ActiveCfg = Release|Any CPU
		{DBD71441-D703-444C-89C8-EFFA6B777DF4}.Release|Any CPU.Build.0 = Release|Any CPU
		{DBD71441-D703-444C-89C8-EFFA6B777DF4}.Release|x64.ActiveCfg = Release|Any CPU
		{DBD71441-D703-444C-89C8-EFFA6B777DF4}.Release|x64.Build.0 = Release|Any CPU
		{DBD71441-D703-444C-89C8-EFFA6B777DF4}.Release|x86.ActiveCfg = Release|Any CPU
		{DBD71441-D703-444C-89C8-EFFA6B777DF4}.Release|x86.Build.0 = Release|Any CPU
		{8B4203A3-44BE-4CED-B2A8-5D28EF866DCE}.Debug|Any CPU.ActiveCfg = Debug|Any CPU
		{8B4203A3-44BE-4CED-B2A8-5D28EF866DCE}.Debug|Any CPU.Build.0 = Debug|Any CPU
		{8B4203A3-44BE-4CED-B2A8-5D28EF866DCE}.Debug|x64.ActiveCfg = Debug|Any CPU
		{8B4203A3-44BE-4CED-B2A8-5D28EF866DCE}.Debug|x64.Build.0 = Debug|Any CPU
		{8B4203A3-44BE-4CED-B2A8-5D28EF866DCE}.Debug|x86.ActiveCfg = Debug|Any CPU
		{8B4203A3-44BE-4CED-B2A8-5D28EF866DCE}.Debug|x86.Build.0 = Debug|Any CPU
		{8B4203A3-44BE-4CED-B2A8-5D28EF866DCE}.Release|Any CPU.ActiveCfg = Release|Any CPU
		{8B4203A3-44BE-4CED-B2A8-5D28EF866DCE}.Release|Any CPU.Build.0 = Release|Any CPU
		{8B4203A3-44BE-4CED-B2A8-5D28EF866DCE}.Release|x64.ActiveCfg = Release|Any CPU
		{8B4203A3-44BE-4CED-B2A8-5D28EF866DCE}.Release|x64.Build.0 = Release|Any CPU
		{8B4203A3-44BE-4CED-B2A8-5D28EF866DCE}.Release|x86.ActiveCfg = Release|Any CPU
		{8B4203A3-44BE-4CED-B2A8-5D28EF866DCE}.Release|x86.Build.0 = Release|Any CPU
		{D6CB64DD-F662-4A3C-A08C-49EFD7740765}.Debug|Any CPU.ActiveCfg = Debug|Any CPU
		{D6CB64DD-F662-4A3C-A08C-49EFD7740765}.Debug|Any CPU.Build.0 = Debug|Any CPU
		{D6CB64DD-F662-4A3C-A08C-49EFD7740765}.Debug|x64.ActiveCfg = Debug|Any CPU
		{D6CB64DD-F662-4A3C-A08C-49EFD7740765}.Debug|x64.Build.0 = Debug|Any CPU
		{D6CB64DD-F662-4A3C-A08C-49EFD7740765}.Debug|x86.ActiveCfg = Debug|Any CPU
		{D6CB64DD-F662-4A3C-A08C-49EFD7740765}.Debug|x86.Build.0 = Debug|Any CPU
		{D6CB64DD-F662-4A3C-A08C-49EFD7740765}.Release|Any CPU.ActiveCfg = Release|Any CPU
		{D6CB64DD-F662-4A3C-A08C-49EFD7740765}.Release|Any CPU.Build.0 = Release|Any CPU
		{D6CB64DD-F662-4A3C-A08C-49EFD7740765}.Release|x64.ActiveCfg = Release|Any CPU
		{D6CB64DD-F662-4A3C-A08C-49EFD7740765}.Release|x64.Build.0 = Release|Any CPU
		{D6CB64DD-F662-4A3C-A08C-49EFD7740765}.Release|x86.ActiveCfg = Release|Any CPU
		{D6CB64DD-F662-4A3C-A08C-49EFD7740765}.Release|x86.Build.0 = Release|Any CPU
		{0EED724F-87D6-43A0-90DC-BF98D82A36A2}.Debug|Any CPU.ActiveCfg = Debug|Any CPU
		{0EED724F-87D6-43A0-90DC-BF98D82A36A2}.Debug|Any CPU.Build.0 = Debug|Any CPU
		{0EED724F-87D6-43A0-90DC-BF98D82A36A2}.Debug|x64.ActiveCfg = Debug|Any CPU
		{0EED724F-87D6-43A0-90DC-BF98D82A36A2}.Debug|x64.Build.0 = Debug|Any CPU
		{0EED724F-87D6-43A0-90DC-BF98D82A36A2}.Debug|x86.ActiveCfg = Debug|Any CPU
		{0EED724F-87D6-43A0-90DC-BF98D82A36A2}.Debug|x86.Build.0 = Debug|Any CPU
		{0EED724F-87D6-43A0-90DC-BF98D82A36A2}.Release|Any CPU.ActiveCfg = Release|Any CPU
		{0EED724F-87D6-43A0-90DC-BF98D82A36A2}.Release|Any CPU.Build.0 = Release|Any CPU
		{0EED724F-87D6-43A0-90DC-BF98D82A36A2}.Release|x64.ActiveCfg = Release|Any CPU
		{0EED724F-87D6-43A0-90DC-BF98D82A36A2}.Release|x64.Build.0 = Release|Any CPU
		{0EED724F-87D6-43A0-90DC-BF98D82A36A2}.Release|x86.ActiveCfg = Release|Any CPU
		{0EED724F-87D6-43A0-90DC-BF98D82A36A2}.Release|x86.Build.0 = Release|Any CPU
	EndGlobalSection
	GlobalSection(SolutionProperties) = preSolution
		HideSolutionNode = FALSE
	EndGlobalSection
	GlobalSection(NestedProjects) = preSolution
		{20442C57-9008-43DF-B541-F6A2DD7D2B06} = {D5740E39-79EC-8D71-EBC3-DD458F48E25C}
		{6BA2C5F8-8CDC-9D22-C063-7A94EB5993AF} = {5854FF58-B8C5-05C6-5BF2-ACE42193F22B}
		{01993E14-48CA-487D-9B07-633C16756BDA} = {6BA2C5F8-8CDC-9D22-C063-7A94EB5993AF}
		{D6375349-3C13-6A29-5D9E-32F9DF12829E} = {5854FF58-B8C5-05C6-5BF2-ACE42193F22B}
		{578E41E0-79BF-4B3C-B7D4-0B123F9F845F} = {D6375349-3C13-6A29-5D9E-32F9DF12829E}
		{4BF11F32-32AC-0C5B-64D0-D1BB48FA9B1F} = {5854FF58-B8C5-05C6-5BF2-ACE42193F22B}
		{61639F40-099B-4953-93EA-D70C6DFD418E} = {4BF11F32-32AC-0C5B-64D0-D1BB48FA9B1F}
		{B78A39BB-EFA7-05CB-3820-193A492A810C} = {4F52FD11-658E-A102-6CD3-7D7C16FFA15B}
		{1DE7CC23-5570-4806-823D-C41F07775AA6} = {B78A39BB-EFA7-05CB-3820-193A492A810C}
		{2D035A4D-AF61-D649-F5F7-A54561A3CFF4} = {4F52FD11-658E-A102-6CD3-7D7C16FFA15B}
		{5423FB1D-A560-4B6F-BD8A-C5535818F343} = {2D035A4D-AF61-D649-F5F7-A54561A3CFF4}
		{80116189-D5F9-D6EC-C98D-5F7DB2F1B3A1} = {4F52FD11-658E-A102-6CD3-7D7C16FFA15B}
		{FF427EFB-0162-482F-8349-B68BEADD5850} = {80116189-D5F9-D6EC-C98D-5F7DB2F1B3A1}
		{5432F6ED-34DD-47A7-851E-44095614BCAB} = {AC64333F-0D0C-A3D1-02FB-FBA2281C07D3}
		{12AC99A7-6953-476A-998B-3FBF1B841F07} = {E0096E63-5207-411F-2649-837654E3C58A}
		{02B28A62-DF24-045C-33A0-E46FD51CFCFC} = {0AB3BF05-4346-4AA6-1389-037BE0695223}
		{DBD71441-D703-444C-89C8-EFFA6B777DF4} = {02B28A62-DF24-045C-33A0-E46FD51CFCFC}
		{9991FD70-2205-ED06-13BB-F5C9DFBEB1B5} = {0AB3BF05-4346-4AA6-1389-037BE0695223}
		{8B4203A3-44BE-4CED-B2A8-5D28EF866DCE} = {9991FD70-2205-ED06-13BB-F5C9DFBEB1B5}
		{27660C74-9B2F-B9FD-A264-653F45C603ED} = {0AB3BF05-4346-4AA6-1389-037BE0695223}
		{D6CB64DD-F662-4A3C-A08C-49EFD7740765} = {27660C74-9B2F-B9FD-A264-653F45C603ED}
		{F0AB5401-4AB4-ABBE-2838-CDAE872F596C} = {4F52FD11-658E-A102-6CD3-7D7C16FFA15B}
		{0EED724F-87D6-43A0-90DC-BF98D82A36A2} = {F0AB5401-4AB4-ABBE-2838-CDAE872F596C}
	EndGlobalSection
EndGlobal
